
Microsoft Visual Studio Solution File, Format Version 12.00
# Visual Studio Version 17
VisualStudioVersion = 17.0.31903.59
MinimumVisualStudioVersion = 10.0.40219.1
Project("{9A19103F-16F7-4668-BE54-9A1E7A4F7556}") = "LeetCode", "LeetCode\LeetCode.csproj", "{17AEE1A2-9161-4404-BFB2-6C4C00B985A1}"
EndProject
Project("{9A19103F-16F7-4668-BE54-9A1E7A4F7556}") = "LeetCode.Test", "LeetCodeTests\LeetCode.Test.csproj", "{412C72AC-45E2-49FA-A41D-8798F3C316B5}"
EndProject
Global
	GlobalSection(SolutionConfigurationPlatforms) = preSolution
		Debug|Any CPU = Debug|Any CPU
		Release|Any CPU = Release|Any CPU
	EndGlobalSection
	GlobalSection(ProjectConfigurationPlatforms) = postSolution
		{17AEE1A2-9161-4404-BFB2-6C4C00B985A1}.Debug|Any CPU.ActiveCfg = Debug|Any CPU
		{17AEE1A2-9161-4404-BFB2-6C4C00B985A1}.Debug|Any CPU.Build.0 = Debug|Any CPU
		{17AEE1A2-9161-4404-BFB2-6C4C00B985A1}.Release|Any CPU.ActiveCfg = Release|Any CPU
		{17AEE1A2-9161-4404-BFB2-6C4C00B985A1}.Release|Any CPU.Build.0 = Release|Any CPU
		{412C72AC-45E2-49FA-A41D-8798F3C316B5}.Debug|Any CPU.ActiveCfg = Debug|Any CPU
		{412C72AC-45E2-49FA-A41D-8798F3C316B5}.Debug|Any CPU.Build.0 = Debug|Any CPU
		{412C72AC-45E2-49FA-A41D-8798F3C316B5}.Release|Any CPU.ActiveCfg = Release|Any CPU
		{412C72AC-45E2-49FA-A41D-8798F3C316B5}.Release|Any CPU.Build.0 = Release|Any CPU
	EndGlobalSection
	GlobalSection(SolutionProperties) = preSolution
		HideSolutionNode = FALSE
	EndGlobalSection
	GlobalSection(ExtensibilityGlobals) = postSolution
		SolutionGuid = {A89CB5C9-1757-49BB-A2FE-3C23997A9CE8}
	EndGlobalSection
EndGlobal
